
Microsoft Visual Studio Solution File, Format Version 12.00
# Visual Studio 15
VisualStudioVersion = 15.0.28010.2016
MinimumVisualStudioVersion = 10.0.40219.1
Project("{9A19103F-16F7-4668-BE54-9A1E7A4F7556}") = "RezervationApp.Model", "RezervationApp.Model\RezervationApp.Model.csproj", "{7CECF410-4C03-44CF-8B7E-AEF4EB319273}"
EndProject
Project("{9A19103F-16F7-4668-BE54-9A1E7A4F7556}") = "RezervationApp.Core", "RezervationApp.Core\RezervationApp.Core.csproj", "{7E7CB736-34B5-48F0-9569-C70A568C73C4}"
EndProject
Project("{9A19103F-16F7-4668-BE54-9A1E7A4F7556}") = "RezervationApp.Dal", "RezervationApp.Dal\RezervationApp.Dal.csproj", "{1E0D064E-58E4-4419-AF9D-8953EC7E8233}"
EndProject
Project("{FAE04EC0-301F-11D3-BF4B-00C04F79EFBC}") = "RezervationApp.Bll", "RezervationApp.Bll\RezervationApp.Bll.csproj", "{A621DD07-8550-41BB-A7C0-AE5DF1E3BB01}"
EndProject
Project("{FAE04EC0-301F-11D3-BF4B-00C04F79EFBC}") = "RezervationApp.Ui", "RezervationApp.Ui\RezervationApp.Ui.csproj", "{357632B0-7DF7-4D8A-87FE-0DD505238620}"
EndProject
Global
	GlobalSection(SolutionConfigurationPlatforms) = preSolution
		Debug|Any CPU = Debug|Any CPU
		Release|Any CPU = Release|Any CPU
	EndGlobalSection
	GlobalSection(ProjectConfigurationPlatforms) = postSolution
		{7CECF410-4C03-44CF-8B7E-AEF4EB319273}.Debug|Any CPU.ActiveCfg = Debug|Any CPU
		{7CECF410-4C03-44CF-8B7E-AEF4EB319273}.Debug|Any CPU.Build.0 = Debug|Any CPU
		{7CECF410-4C03-44CF-8B7E-AEF4EB319273}.Release|Any CPU.ActiveCfg = Release|Any CPU
		{7CECF410-4C03-44CF-8B7E-AEF4EB319273}.Release|Any CPU.Build.0 = Release|Any CPU
		{7E7CB736-34B5-48F0-9569-C70A568C73C4}.Debug|Any CPU.ActiveCfg = Debug|Any CPU
		{7E7CB736-34B5-48F0-9569-C70A568C73C4}.Debug|Any CPU.Build.0 = Debug|Any CPU
		{7E7CB736-34B5-48F0-9569-C70A568C73C4}.Release|Any CPU.ActiveCfg = Release|Any CPU
		{7E7CB736-34B5-48F0-9569-C70A568C73C4}.Release|Any CPU.Build.0 = Release|Any CPU
		{1E0D064E-58E4-4419-AF9D-8953EC7E8233}.Debug|Any CPU.ActiveCfg = Debug|Any CPU
		{1E0D064E-58E4-4419-AF9D-8953EC7E8233}.Debug|Any CPU.Build.0 = Debug|Any CPU
		{1E0D064E-58E4-4419-AF9D-8953EC7E8233}.Release|Any CPU.ActiveCfg = Release|Any CPU
		{1E0D064E-58E4-4419-AF9D-8953EC7E8233}.Release|Any CPU.Build.0 = Release|Any CPU
		{A621DD07-8550-41BB-A7C0-AE5DF1E3BB01}.Debug|Any CPU.ActiveCfg = Debug|Any CPU
		{A621DD07-8550-41BB-A7C0-AE5DF1E3BB01}.Debug|Any CPU.Build.0 = Debug|Any CPU
		{A621DD07-8550-41BB-A7C0-AE5DF1E3BB01}.Release|Any CPU.ActiveCfg = Release|Any CPU
		{A621DD07-8550-41BB-A7C0-AE5DF1E3BB01}.Release|Any CPU.Build.0 = Release|Any CPU
		{357632B0-7DF7-4D8A-87FE-0DD505238620}.Debug|Any CPU.ActiveCfg = Debug|Any CPU
		{357632B0-7DF7-4D8A-87FE-0DD505238620}.Debug|Any CPU.Build.0 = Debug|Any CPU
		{357632B0-7DF7-4D8A-87FE-0DD505238620}.Release|Any CPU.ActiveCfg = Release|Any CPU
		{357632B0-7DF7-4D8A-87FE-0DD505238620}.Release|Any CPU.Build.0 = Release|Any CPU
	EndGlobalSection
	GlobalSection(SolutionProperties) = preSolution
		HideSolutionNode = FALSE
	EndGlobalSection
	GlobalSection(ExtensibilityGlobals) = postSolution
		SolutionGuid = {47BE6806-4972-423A-BCE6-87488CA12254}
	EndGlobalSection
EndGlobal
